{
  "version": 4,
  "terraform_version": "1.4.5",
  "serial": 107,
  "lineage": "673b79b9-1381-f484-56f1-f75ed7746733",
  "outputs": {},
  "resources": [
    {
      "mode": "managed",
      "type": "aws_eip",
      "name": "nat_eip",
      "provider": "provider[\"registry.terraform.io/hashicorp/aws\"]",
      "instances": [
        {
          "schema_version": 0,
          "attributes": {
            "address": null,
            "allocation_id": "eipalloc-05b61f53d50adb462",
            "associate_with_private_ip": null,
            "association_id": "",
            "carrier_ip": "",
            "customer_owned_ip": "",
            "customer_owned_ipv4_pool": "",
            "domain": "vpc",
            "id": "eipalloc-05b61f53d50adb462",
            "instance": "",
            "network_border_group": "us-east-1",
            "network_interface": "",
            "private_dns": null,
            "private_ip": "",
            "public_dns": "ec2-52-6-236-109.compute-1.amazonaws.com",
            "public_ip": "52.6.236.109",
            "public_ipv4_pool": "amazon",
            "tags": {
              "Name": "iti_eip"
            },
            "tags_all": {
              "Name": "iti_eip"
            },
            "timeouts": null,
            "vpc": true
          },
          "sensitive_attributes": [],
          "private": "eyJlMmJmYjczMC1lY2FhLTExZTYtOGY4OC0zNDM2M2JjN2M0YzAiOnsiZGVsZXRlIjoxODAwMDAwMDAwMDAsInJlYWQiOjkwMDAwMDAwMDAwMCwidXBkYXRlIjozMDAwMDAwMDAwMDB9fQ=="
        }
      ]
    },
    {
      "mode": "managed",
      "type": "aws_instance",
      "name": "application_instance_1",
      "provider": "provider[\"registry.terraform.io/hashicorp/aws\"]",
      "instances": [
        {
          "schema_version": 1,
          "attributes": {
            "ami": "ami-06e46074ae430fba6",
            "arn": "arn:aws:ec2:us-east-1:672370439266:instance/i-0c2be154b6b4a51d1",
            "associate_public_ip_address": false,
            "availability_zone": "us-east-1a",
            "capacity_reservation_specification": [
              {
                "capacity_reservation_preference": "open",
                "capacity_reservation_target": []
              }
            ],
            "cpu_core_count": 1,
            "cpu_threads_per_core": 2,
            "credit_specification": [
              {
                "cpu_credits": "unlimited"
              }
            ],
            "disable_api_stop": false,
            "disable_api_termination": false,
            "ebs_block_device": [],
            "ebs_optimized": false,
            "enclave_options": [
              {
                "enabled": false
              }
            ],
            "ephemeral_block_device": [],
            "get_password_data": false,
            "hibernation": false,
            "host_id": "",
            "host_resource_group_arn": null,
            "iam_instance_profile": "",
            "id": "i-0c2be154b6b4a51d1",
            "instance_initiated_shutdown_behavior": "stop",
            "instance_state": "running",
            "instance_type": "t3.micro",
            "ipv6_address_count": 0,
            "ipv6_addresses": [],
            "key_name": "tf-key-pair",
            "launch_template": [],
            "maintenance_options": [
              {
                "auto_recovery": "default"
              }
            ],
            "metadata_options": [
              {
                "http_endpoint": "enabled",
                "http_put_response_hop_limit": 2,
                "http_tokens": "required",
                "instance_metadata_tags": "disabled"
              }
            ],
            "monitoring": false,
            "network_interface": [],
            "outpost_arn": "",
            "password_data": "",
            "placement_group": "",
            "placement_partition_number": 0,
            "primary_network_interface_id": "eni-0fcabc09de1e9610c",
            "private_dns": "ip-10-0-2-133.ec2.internal",
            "private_dns_name_options": [
              {
                "enable_resource_name_dns_a_record": false,
                "enable_resource_name_dns_aaaa_record": false,
                "hostname_type": "ip-name"
              }
            ],
            "private_ip": "10.0.2.133",
            "public_dns": "",
            "public_ip": "",
            "root_block_device": [
              {
                "delete_on_termination": true,
                "device_name": "/dev/xvda",
                "encrypted": false,
                "iops": 3000,
                "kms_key_id": "",
                "tags": {},
                "throughput": 125,
                "volume_id": "vol-0e65443da102187ca",
                "volume_size": 8,
                "volume_type": "gp3"
              }
            ],
            "secondary_private_ips": [],
            "security_groups": [],
            "source_dest_check": true,
            "subnet_id": "subnet-0a9359788c602bc5f",
            "tags": {
              "Name": "application_instance_1"
            },
            "tags_all": {
              "Name": "application_instance_1"
            },
            "tenancy": "default",
            "timeouts": null,
            "user_data": null,
            "user_data_base64": null,
            "user_data_replace_on_change": false,
            "volume_tags": null,
            "vpc_security_group_ids": [
              "sg-0d0b7165e97641ffd"
            ]
          },
          "sensitive_attributes": [],
          "private": "eyJlMmJmYjczMC1lY2FhLTExZTYtOGY4OC0zNDM2M2JjN2M0YzAiOnsiY3JlYXRlIjo2MDAwMDAwMDAwMDAsImRlbGV0ZSI6MTIwMDAwMDAwMDAwMCwidXBkYXRlIjo2MDAwMDAwMDAwMDB9LCJzY2hlbWFfdmVyc2lvbiI6IjEifQ==",
          "dependencies": [
            "aws_key_pair.tf-key-pair",
            "aws_security_group.allow_port",
            "aws_subnet.private_subnet_1",
            "aws_vpc.iti_vpc",
            "tls_private_key.rsa-key"
          ]
        }
      ]
    },
    {
      "mode": "managed",
      "type": "aws_instance",
      "name": "application_instance_2",
      "provider": "provider[\"registry.terraform.io/hashicorp/aws\"]",
      "instances": [
        {
          "schema_version": 1,
          "attributes": {
            "ami": "ami-06e46074ae430fba6",
            "arn": "arn:aws:ec2:us-east-1:672370439266:instance/i-0c2fbb61d8e406a38",
            "associate_public_ip_address": false,
            "availability_zone": "us-east-1b",
            "capacity_reservation_specification": [
              {
                "capacity_reservation_preference": "open",
                "capacity_reservation_target": []
              }
            ],
            "cpu_core_count": 1,
            "cpu_threads_per_core": 2,
            "credit_specification": [
              {
                "cpu_credits": "unlimited"
              }
            ],
            "disable_api_stop": false,
            "disable_api_termination": false,
            "ebs_block_device": [],
            "ebs_optimized": false,
            "enclave_options": [
              {
                "enabled": false
              }
            ],
            "ephemeral_block_device": [],
            "get_password_data": false,
            "hibernation": false,
            "host_id": "",
            "host_resource_group_arn": null,
            "iam_instance_profile": "",
            "id": "i-0c2fbb61d8e406a38",
            "instance_initiated_shutdown_behavior": "stop",
            "instance_state": "running",
            "instance_type": "t3.micro",
            "ipv6_address_count": 0,
            "ipv6_addresses": [],
            "key_name": "tf-key-pair",
            "launch_template": [],
            "maintenance_options": [
              {
                "auto_recovery": "default"
              }
            ],
            "metadata_options": [
              {
                "http_endpoint": "enabled",
                "http_put_response_hop_limit": 2,
                "http_tokens": "required",
                "instance_metadata_tags": "disabled"
              }
            ],
            "monitoring": false,
            "network_interface": [],
            "outpost_arn": "",
            "password_data": "",
            "placement_group": "",
            "placement_partition_number": 0,
            "primary_network_interface_id": "eni-08fb7a863ee377130",
            "private_dns": "ip-10-0-4-219.ec2.internal",
            "private_dns_name_options": [
              {
                "enable_resource_name_dns_a_record": false,
                "enable_resource_name_dns_aaaa_record": false,
                "hostname_type": "ip-name"
              }
            ],
            "private_ip": "10.0.4.219",
            "public_dns": "",
            "public_ip": "",
            "root_block_device": [
              {
                "delete_on_termination": true,
                "device_name": "/dev/xvda",
                "encrypted": false,
                "iops": 3000,
                "kms_key_id": "",
                "tags": {},
                "throughput": 125,
                "volume_id": "vol-0bf7a402670b39698",
                "volume_size": 8,
                "volume_type": "gp3"
              }
            ],
            "secondary_private_ips": [],
            "security_groups": [],
            "source_dest_check": true,
            "subnet_id": "subnet-07e2f5e0a622854b4",
            "tags": {
              "Name": "application_instance_2"
            },
            "tags_all": {
              "Name": "application_instance_2"
            },
            "tenancy": "default",
            "timeouts": null,
            "user_data": null,
            "user_data_base64": null,
            "user_data_replace_on_change": false,
            "volume_tags": null,
            "vpc_security_group_ids": [
              "sg-0d0b7165e97641ffd"
            ]
          },
          "sensitive_attributes": [],
          "private": "eyJlMmJmYjczMC1lY2FhLTExZTYtOGY4OC0zNDM2M2JjN2M0YzAiOnsiY3JlYXRlIjo2MDAwMDAwMDAwMDAsImRlbGV0ZSI6MTIwMDAwMDAwMDAwMCwidXBkYXRlIjo2MDAwMDAwMDAwMDB9LCJzY2hlbWFfdmVyc2lvbiI6IjEifQ==",
          "dependencies": [
            "aws_key_pair.tf-key-pair",
            "aws_security_group.allow_port",
            "aws_subnet.private_subnet_2",
            "aws_vpc.iti_vpc",
            "tls_private_key.rsa-key"
          ]
        }
      ]
    },
    {
      "mode": "managed",
      "type": "aws_instance",
      "name": "bastionHost_instance",
      "provider": "provider[\"registry.terraform.io/hashicorp/aws\"]",
      "instances": [
        {
          "schema_version": 1,
          "attributes": {
            "ami": "ami-06e46074ae430fba6",
            "arn": "arn:aws:ec2:us-east-1:672370439266:instance/i-09db3a5ae02090a67",
            "associate_public_ip_address": true,
            "availability_zone": "us-east-1a",
            "capacity_reservation_specification": [
              {
                "capacity_reservation_preference": "open",
                "capacity_reservation_target": []
              }
            ],
            "cpu_core_count": 1,
            "cpu_threads_per_core": 2,
            "credit_specification": [
              {
                "cpu_credits": "unlimited"
              }
            ],
            "disable_api_stop": false,
            "disable_api_termination": false,
            "ebs_block_device": [],
            "ebs_optimized": false,
            "enclave_options": [
              {
                "enabled": false
              }
            ],
            "ephemeral_block_device": [],
            "get_password_data": false,
            "hibernation": false,
            "host_id": "",
            "host_resource_group_arn": null,
            "iam_instance_profile": "",
            "id": "i-09db3a5ae02090a67",
            "instance_initiated_shutdown_behavior": "stop",
            "instance_state": "running",
            "instance_type": "t3.micro",
            "ipv6_address_count": 0,
            "ipv6_addresses": [],
            "key_name": "tf-key-pair",
            "launch_template": [],
            "maintenance_options": [
              {
                "auto_recovery": "default"
              }
            ],
            "metadata_options": [
              {
                "http_endpoint": "enabled",
                "http_put_response_hop_limit": 2,
                "http_tokens": "required",
                "instance_metadata_tags": "disabled"
              }
            ],
            "monitoring": false,
            "network_interface": [],
            "outpost_arn": "",
            "password_data": "",
            "placement_group": "",
            "placement_partition_number": 0,
            "primary_network_interface_id": "eni-0a73178a75dc30ce3",
            "private_dns": "ip-10-0-1-75.ec2.internal",
            "private_dns_name_options": [
              {
                "enable_resource_name_dns_a_record": false,
                "enable_resource_name_dns_aaaa_record": false,
                "hostname_type": "ip-name"
              }
            ],
            "private_ip": "10.0.1.75",
            "public_dns": "",
            "public_ip": "35.172.214.85",
            "root_block_device": [
              {
                "delete_on_termination": true,
                "device_name": "/dev/xvda",
                "encrypted": false,
                "iops": 3000,
                "kms_key_id": "",
                "tags": {},
                "throughput": 125,
                "volume_id": "vol-0081f4c93282d1461",
                "volume_size": 8,
                "volume_type": "gp3"
              }
            ],
            "secondary_private_ips": [],
            "security_groups": [],
            "source_dest_check": true,
            "subnet_id": "subnet-0214989f4afee605c",
            "tags": {
              "Name": "bastionHost_instance"
            },
            "tags_all": {
              "Name": "bastionHost_instance"
            },
            "tenancy": "default",
            "timeouts": null,
            "user_data": "8c99e1d4312bc578e4792370bccdddbe3648513a",
            "user_data_base64": null,
            "user_data_replace_on_change": false,
            "volume_tags": null,
            "vpc_security_group_ids": [
              "sg-07e86aac81c828489"
            ]
          },
          "sensitive_attributes": [
            [
              {
                "type": "get_attr",
                "value": "user_data"
              }
            ]
          ],
          "private": "eyJlMmJmYjczMC1lY2FhLTExZTYtOGY4OC0zNDM2M2JjN2M0YzAiOnsiY3JlYXRlIjo2MDAwMDAwMDAwMDAsImRlbGV0ZSI6MTIwMDAwMDAwMDAwMCwidXBkYXRlIjo2MDAwMDAwMDAwMDB9LCJzY2hlbWFfdmVyc2lvbiI6IjEifQ==",
          "dependencies": [
            "aws_key_pair.tf-key-pair",
            "aws_security_group.allow_ssh",
            "aws_subnet.public_subnet_1",
            "aws_vpc.iti_vpc",
            "tls_private_key.rsa-key"
          ]
        }
      ]
    },
    {
      "mode": "managed",
      "type": "aws_internet_gateway",
      "name": "iti_gw",
      "provider": "provider[\"registry.terraform.io/hashicorp/aws\"]",
      "instances": [
        {
          "schema_version": 0,
          "attributes": {
            "arn": "arn:aws:ec2:us-east-1:672370439266:internet-gateway/igw-03a40df014b7348a6",
            "id": "igw-03a40df014b7348a6",
            "owner_id": "672370439266",
            "tags": {
              "Name": "iti_gateway"
            },
            "tags_all": {
              "Name": "iti_gateway"
            },
            "timeouts": null,
            "vpc_id": "vpc-026c06aa332b91a19"
          },
          "sensitive_attributes": [],
          "private": "eyJlMmJmYjczMC1lY2FhLTExZTYtOGY4OC0zNDM2M2JjN2M0YzAiOnsiY3JlYXRlIjoxMjAwMDAwMDAwMDAwLCJkZWxldGUiOjEyMDAwMDAwMDAwMDAsInVwZGF0ZSI6MTIwMDAwMDAwMDAwMH19",
          "dependencies": [
            "aws_vpc.iti_vpc"
          ]
        }
      ]
    },
    {
      "mode": "managed",
      "type": "aws_key_pair",
      "name": "tf-key-pair",
      "provider": "provider[\"registry.terraform.io/hashicorp/aws\"]",
      "instances": [
        {
          "schema_version": 1,
          "attributes": {
            "arn": "arn:aws:ec2:us-east-1:672370439266:key-pair/tf-key-pair",
            "fingerprint": "cd:04:8c:66:54:4b:3d:51:95:d5:5f:b7:b6:89:b3:ae",
            "id": "tf-key-pair",
            "key_name": "tf-key-pair",
            "key_name_prefix": "",
            "key_pair_id": "key-0d4f28f0525ddf151",
            "key_type": "rsa",
            "public_key": "ssh-rsa AAAAB3NzaC1yc2EAAAADAQABAAACAQCxHl8NgU8pElZgeGuGEuEE8LeIwHz36lnLce6tF5TxjspOCPAc7+ULPWaJqxiHFAMZUhJOXq7DsL0eyXVQCCwngVrKLtSSz0auqGpkNpLmX4BwC9AlXuNxiWHoTRCkhaVGYr60m1SznMagXJyQes30J3K9tskqXMuclCXACazSjza8TDPB50ZAUL0t0obMOIw6gvan/0SfCyxUrRVZl+b3DWT9x29OdBxug7U/bR+lta1TsABnzR21SRNIXP/lfUYCi+HEv67p9r59p4cweEJbrruVRXW7+o3nS//mgjcuEPNIUxYad4qIQz94U8A8E4Zrdjt0UU8X4QWCfZM2F/uJh/zNwlgAd00V/lWkmD2CUdnYDFW5xtBgi+mhWVxMf1Pdq06UZeDT+FzC3wXCTwVanGLb3wvGsIwy4CaB6VO7QYipi8gBQVBWENY+R4jnIyTLUi8cRJbxZRrLf/yWeHJ20KHU5f48ML6mJTmnrFQ0tn+IB0gABokOxRG5YHo1WwnaY99CENiNxx4hryCMROOQd1kvsnJwjhtroR/Z6RKJ75uYR0HW+6/b98bSiza8+iZ9ZcS8QRs1r6jOxlwtz3GmbAkhjw33YoGkNVUcP0uDW0yl8yKvSFRjpf9fwvrdlyyg7YvHY76X3pHSXIOHHqpNmj2QqzIxuoYgAPGx0jRQJw==",
            "tags": null,
            "tags_all": {}
          },
          "sensitive_attributes": [],
          "private": "eyJzY2hlbWFfdmVyc2lvbiI6IjEifQ==",
          "dependencies": [
            "tls_private_key.rsa-key"
          ]
        }
      ]
    },
    {
      "mode": "managed",
      "type": "aws_nat_gateway",
      "name": "iti_nat_gateway",
      "provider": "provider[\"registry.terraform.io/hashicorp/aws\"]",
      "instances": [
        {
          "schema_version": 0,
          "attributes": {
            "allocation_id": "eipalloc-05b61f53d50adb462",
            "association_id": "eipassoc-0e70931954cfe5bca",
            "connectivity_type": "public",
            "id": "nat-08c366d594d3a8c7b",
            "network_interface_id": "eni-007c536f23a87898b",
            "private_ip": "10.0.1.68",
            "public_ip": "52.6.236.109",
            "subnet_id": "subnet-0214989f4afee605c",
            "tags": null,
            "tags_all": {}
          },
          "sensitive_attributes": [],
          "private": "bnVsbA==",
          "dependencies": [
            "aws_eip.nat_eip",
            "aws_subnet.public_subnet_1",
            "aws_vpc.iti_vpc"
          ]
        }
      ]
    },
    {
      "mode": "managed",
      "type": "aws_route_table",
      "name": "private_route_table",
      "provider": "provider[\"registry.terraform.io/hashicorp/aws\"]",
      "instances": [
        {
          "schema_version": 0,
          "attributes": {
            "arn": "arn:aws:ec2:us-east-1:672370439266:route-table/rtb-0855ee7347a5103bd",
            "id": "rtb-0855ee7347a5103bd",
            "owner_id": "672370439266",
            "propagating_vgws": [],
            "route": [
              {
                "carrier_gateway_id": "",
                "cidr_block": "0.0.0.0/0",
                "core_network_arn": "",
                "destination_prefix_list_id": "",
                "egress_only_gateway_id": "",
                "gateway_id": "",
                "instance_id": "",
                "ipv6_cidr_block": "",
                "local_gateway_id": "",
                "nat_gateway_id": "nat-08c366d594d3a8c7b",
                "network_interface_id": "",
                "transit_gateway_id": "",
                "vpc_endpoint_id": "",
                "vpc_peering_connection_id": ""
              }
            ],
            "tags": null,
            "tags_all": {},
            "timeouts": null,
            "vpc_id": "vpc-026c06aa332b91a19"
          },
          "sensitive_attributes": [],
          "private": "eyJlMmJmYjczMC1lY2FhLTExZTYtOGY4OC0zNDM2M2JjN2M0YzAiOnsiY3JlYXRlIjozMDAwMDAwMDAwMDAsImRlbGV0ZSI6MzAwMDAwMDAwMDAwLCJ1cGRhdGUiOjEyMDAwMDAwMDAwMH19",
          "dependencies": [
            "aws_eip.nat_eip",
            "aws_nat_gateway.iti_nat_gateway",
            "aws_subnet.public_subnet_1",
            "aws_vpc.iti_vpc"
          ]
        }
      ]
    },
    {
      "mode": "managed",
      "type": "aws_route_table",
      "name": "public_route_table",
      "provider": "provider[\"registry.terraform.io/hashicorp/aws\"]",
      "instances": [
        {
          "schema_version": 0,
          "attributes": {
            "arn": "arn:aws:ec2:us-east-1:672370439266:route-table/rtb-04f023c1e17395c76",
            "id": "rtb-04f023c1e17395c76",
            "owner_id": "672370439266",
            "propagating_vgws": [],
            "route": [
              {
                "carrier_gateway_id": "",
                "cidr_block": "0.0.0.0/0",
                "core_network_arn": "",
                "destination_prefix_list_id": "",
                "egress_only_gateway_id": "",
                "gateway_id": "igw-03a40df014b7348a6",
                "instance_id": "",
                "ipv6_cidr_block": "",
                "local_gateway_id": "",
                "nat_gateway_id": "",
                "network_interface_id": "",
                "transit_gateway_id": "",
                "vpc_endpoint_id": "",
                "vpc_peering_connection_id": ""
              }
            ],
            "tags": {
              "Name": "public_table"
            },
            "tags_all": {
              "Name": "public_table"
            },
            "timeouts": null,
            "vpc_id": "vpc-026c06aa332b91a19"
          },
          "sensitive_attributes": [],
          "private": "eyJlMmJmYjczMC1lY2FhLTExZTYtOGY4OC0zNDM2M2JjN2M0YzAiOnsiY3JlYXRlIjozMDAwMDAwMDAwMDAsImRlbGV0ZSI6MzAwMDAwMDAwMDAwLCJ1cGRhdGUiOjEyMDAwMDAwMDAwMH19",
          "dependencies": [
            "aws_internet_gateway.iti_gw",
            "aws_vpc.iti_vpc"
          ]
        }
      ]
    },
    {
      "mode": "managed",
      "type": "aws_route_table_association",
      "name": "a",
      "provider": "provider[\"registry.terraform.io/hashicorp/aws\"]",
      "instances": [
        {
          "schema_version": 0,
          "attributes": {
            "gateway_id": "",
            "id": "rtbassoc-062ef11202bd07ed7",
            "route_table_id": "rtb-04f023c1e17395c76",
            "subnet_id": "subnet-0214989f4afee605c"
          },
          "sensitive_attributes": [],
          "private": "bnVsbA==",
          "dependencies": [
            "aws_internet_gateway.iti_gw",
            "aws_route_table.public_route_table",
            "aws_subnet.public_subnet_1",
            "aws_vpc.iti_vpc"
          ]
        }
      ]
    },
    {
      "mode": "managed",
      "type": "aws_route_table_association",
      "name": "b",
      "provider": "provider[\"registry.terraform.io/hashicorp/aws\"]",
      "instances": [
        {
          "schema_version": 0,
          "attributes": {
            "gateway_id": "",
            "id": "rtbassoc-0124ea5187251c02a",
            "route_table_id": "rtb-04f023c1e17395c76",
            "subnet_id": "subnet-0f48113d16305f231"
          },
          "sensitive_attributes": [],
          "private": "bnVsbA==",
          "dependencies": [
            "aws_internet_gateway.iti_gw",
            "aws_route_table.public_route_table",
            "aws_subnet.public_subnet_2",
            "aws_vpc.iti_vpc"
          ]
        }
      ]
    },
    {
      "mode": "managed",
      "type": "aws_route_table_association",
      "name": "private_subnet_association",
      "provider": "provider[\"registry.terraform.io/hashicorp/aws\"]",
      "instances": [
        {
          "schema_version": 0,
          "attributes": {
            "gateway_id": "",
            "id": "rtbassoc-07d318573e9209bbf",
            "route_table_id": "rtb-0855ee7347a5103bd",
            "subnet_id": "subnet-0a9359788c602bc5f"
          },
          "sensitive_attributes": [],
          "private": "bnVsbA==",
          "dependencies": [
            "aws_eip.nat_eip",
            "aws_nat_gateway.iti_nat_gateway",
            "aws_route_table.private_route_table",
            "aws_subnet.private_subnet_1",
            "aws_subnet.public_subnet_1",
            "aws_vpc.iti_vpc"
          ]
        }
      ]
    },
    {
      "mode": "managed",
      "type": "aws_route_table_association",
      "name": "private_subnet_association_2",
      "provider": "provider[\"registry.terraform.io/hashicorp/aws\"]",
      "instances": [
        {
          "schema_version": 0,
          "attributes": {
            "gateway_id": "",
            "id": "rtbassoc-0b3dfb29d331cd2b1",
            "route_table_id": "rtb-0855ee7347a5103bd",
            "subnet_id": "subnet-07e2f5e0a622854b4"
          },
          "sensitive_attributes": [],
          "private": "bnVsbA==",
          "dependencies": [
            "aws_eip.nat_eip",
            "aws_nat_gateway.iti_nat_gateway",
            "aws_route_table.private_route_table",
            "aws_subnet.private_subnet_2",
            "aws_subnet.public_subnet_1",
            "aws_vpc.iti_vpc"
          ]
        }
      ]
    },
    {
      "mode": "managed",
      "type": "aws_security_group",
      "name": "allow_port",
      "provider": "provider[\"registry.terraform.io/hashicorp/aws\"]",
      "instances": [
        {
          "schema_version": 1,
          "attributes": {
            "arn": "arn:aws:ec2:us-east-1:672370439266:security-group/sg-0d0b7165e97641ffd",
            "description": "Allow port 3000 inbound traffic",
            "egress": [
              {
                "cidr_blocks": [
                  "0.0.0.0/0"
                ],
                "description": "",
                "from_port": 0,
                "ipv6_cidr_blocks": [
                  "::/0"
                ],
                "prefix_list_ids": [],
                "protocol": "-1",
                "security_groups": [],
                "self": false,
                "to_port": 0
              }
            ],
            "id": "sg-0d0b7165e97641ffd",
            "ingress": [
              {
                "cidr_blocks": [
                  "10.0.0.0/16"
                ],
                "description": "port 3000 from VPC",
                "from_port": 3000,
                "ipv6_cidr_blocks": [],
                "prefix_list_ids": [],
                "protocol": "tcp",
                "security_groups": [],
                "self": false,
                "to_port": 3000
              },
              {
                "cidr_blocks": [
                  "10.0.0.0/16"
                ],
                "description": "ssh from VPC",
                "from_port": 22,
                "ipv6_cidr_blocks": [],
                "prefix_list_ids": [],
                "protocol": "tcp",
                "security_groups": [],
                "self": false,
                "to_port": 22
              }
            ],
            "name": "allow_port",
            "name_prefix": "",
            "owner_id": "672370439266",
            "revoke_rules_on_delete": false,
            "tags": {
              "Name": "allow_ssh\u0026port"
            },
            "tags_all": {
              "Name": "allow_ssh\u0026port"
            },
            "timeouts": null,
            "vpc_id": "vpc-026c06aa332b91a19"
          },
          "sensitive_attributes": [],
          "private": "eyJlMmJmYjczMC1lY2FhLTExZTYtOGY4OC0zNDM2M2JjN2M0YzAiOnsiY3JlYXRlIjo2MDAwMDAwMDAwMDAsImRlbGV0ZSI6OTAwMDAwMDAwMDAwfSwic2NoZW1hX3ZlcnNpb24iOiIxIn0=",
          "dependencies": [
            "aws_vpc.iti_vpc"
          ]
        }
      ]
    },
    {
      "mode": "managed",
      "type": "aws_security_group",
      "name": "allow_ssh",
      "provider": "provider[\"registry.terraform.io/hashicorp/aws\"]",
      "instances": [
        {
          "schema_version": 1,
          "attributes": {
            "arn": "arn:aws:ec2:us-east-1:672370439266:security-group/sg-07e86aac81c828489",
            "description": "Allow ssh inbound traffic",
            "egress": [
              {
                "cidr_blocks": [
                  "0.0.0.0/0"
                ],
                "description": "",
                "from_port": 0,
                "ipv6_cidr_blocks": [
                  "::/0"
                ],
                "prefix_list_ids": [],
                "protocol": "-1",
                "security_groups": [],
                "self": false,
                "to_port": 0
              }
            ],
            "id": "sg-07e86aac81c828489",
            "ingress": [
              {
                "cidr_blocks": [
                  "0.0.0.0/0"
                ],
                "description": "ssh from VPC",
                "from_port": 22,
                "ipv6_cidr_blocks": [],
                "prefix_list_ids": [],
                "protocol": "tcp",
                "security_groups": [],
                "self": false,
                "to_port": 22
              }
            ],
            "name": "allow_ssh",
            "name_prefix": "",
            "owner_id": "672370439266",
            "revoke_rules_on_delete": false,
            "tags": {
              "Name": "allow_ssh"
            },
            "tags_all": {
              "Name": "allow_ssh"
            },
            "timeouts": null,
            "vpc_id": "vpc-026c06aa332b91a19"
          },
          "sensitive_attributes": [],
          "private": "eyJlMmJmYjczMC1lY2FhLTExZTYtOGY4OC0zNDM2M2JjN2M0YzAiOnsiY3JlYXRlIjo2MDAwMDAwMDAwMDAsImRlbGV0ZSI6OTAwMDAwMDAwMDAwfSwic2NoZW1hX3ZlcnNpb24iOiIxIn0=",
          "dependencies": [
            "aws_vpc.iti_vpc"
          ]
        }
      ]
    },
    {
      "mode": "managed",
      "type": "aws_subnet",
      "name": "private_subnet_1",
      "provider": "provider[\"registry.terraform.io/hashicorp/aws\"]",
      "instances": [
        {
          "schema_version": 1,
          "attributes": {
            "arn": "arn:aws:ec2:us-east-1:672370439266:subnet/subnet-0a9359788c602bc5f",
            "assign_ipv6_address_on_creation": false,
            "availability_zone": "us-east-1a",
            "availability_zone_id": "use1-az4",
            "cidr_block": "10.0.2.0/24",
            "customer_owned_ipv4_pool": "",
            "enable_dns64": false,
            "enable_resource_name_dns_a_record_on_launch": false,
            "enable_resource_name_dns_aaaa_record_on_launch": false,
            "id": "subnet-0a9359788c602bc5f",
            "ipv6_cidr_block": "",
            "ipv6_cidr_block_association_id": "",
            "ipv6_native": false,
            "map_customer_owned_ip_on_launch": false,
            "map_public_ip_on_launch": false,
            "outpost_arn": "",
            "owner_id": "672370439266",
            "private_dns_hostname_type_on_launch": "ip-name",
            "tags": {
              "Name": "private_subnet_1"
            },
            "tags_all": {
              "Name": "private_subnet_1"
            },
            "timeouts": null,
            "vpc_id": "vpc-026c06aa332b91a19"
          },
          "sensitive_attributes": [],
          "private": "eyJlMmJmYjczMC1lY2FhLTExZTYtOGY4OC0zNDM2M2JjN2M0YzAiOnsiY3JlYXRlIjo2MDAwMDAwMDAwMDAsImRlbGV0ZSI6MTIwMDAwMDAwMDAwMH0sInNjaGVtYV92ZXJzaW9uIjoiMSJ9",
          "dependencies": [
            "aws_vpc.iti_vpc"
          ]
        }
      ]
    },
    {
      "mode": "managed",
      "type": "aws_subnet",
      "name": "private_subnet_2",
      "provider": "provider[\"registry.terraform.io/hashicorp/aws\"]",
      "instances": [
        {
          "schema_version": 1,
          "attributes": {
            "arn": "arn:aws:ec2:us-east-1:672370439266:subnet/subnet-07e2f5e0a622854b4",
            "assign_ipv6_address_on_creation": false,
            "availability_zone": "us-east-1b",
            "availability_zone_id": "use1-az6",
            "cidr_block": "10.0.4.0/24",
            "customer_owned_ipv4_pool": "",
            "enable_dns64": false,
            "enable_resource_name_dns_a_record_on_launch": false,
            "enable_resource_name_dns_aaaa_record_on_launch": false,
            "id": "subnet-07e2f5e0a622854b4",
            "ipv6_cidr_block": "",
            "ipv6_cidr_block_association_id": "",
            "ipv6_native": false,
            "map_customer_owned_ip_on_launch": false,
            "map_public_ip_on_launch": false,
            "outpost_arn": "",
            "owner_id": "672370439266",
            "private_dns_hostname_type_on_launch": "ip-name",
            "tags": {
              "Name": "private_subnet_2"
            },
            "tags_all": {
              "Name": "private_subnet_2"
            },
            "timeouts": null,
            "vpc_id": "vpc-026c06aa332b91a19"
          },
          "sensitive_attributes": [],
          "private": "eyJlMmJmYjczMC1lY2FhLTExZTYtOGY4OC0zNDM2M2JjN2M0YzAiOnsiY3JlYXRlIjo2MDAwMDAwMDAwMDAsImRlbGV0ZSI6MTIwMDAwMDAwMDAwMH0sInNjaGVtYV92ZXJzaW9uIjoiMSJ9",
          "dependencies": [
            "aws_vpc.iti_vpc"
          ]
        }
      ]
    },
    {
      "mode": "managed",
      "type": "aws_subnet",
      "name": "public_subnet_1",
      "provider": "provider[\"registry.terraform.io/hashicorp/aws\"]",
      "instances": [
        {
          "schema_version": 1,
          "attributes": {
            "arn": "arn:aws:ec2:us-east-1:672370439266:subnet/subnet-0214989f4afee605c",
            "assign_ipv6_address_on_creation": false,
            "availability_zone": "us-east-1a",
            "availability_zone_id": "use1-az4",
            "cidr_block": "10.0.1.0/24",
            "customer_owned_ipv4_pool": "",
            "enable_dns64": false,
            "enable_resource_name_dns_a_record_on_launch": false,
            "enable_resource_name_dns_aaaa_record_on_launch": false,
            "id": "subnet-0214989f4afee605c",
            "ipv6_cidr_block": "",
            "ipv6_cidr_block_association_id": "",
            "ipv6_native": false,
            "map_customer_owned_ip_on_launch": false,
            "map_public_ip_on_launch": true,
            "outpost_arn": "",
            "owner_id": "672370439266",
            "private_dns_hostname_type_on_launch": "ip-name",
            "tags": {
              "Name": "public_subnet_1"
            },
            "tags_all": {
              "Name": "public_subnet_1"
            },
            "timeouts": null,
            "vpc_id": "vpc-026c06aa332b91a19"
          },
          "sensitive_attributes": [],
          "private": "eyJlMmJmYjczMC1lY2FhLTExZTYtOGY4OC0zNDM2M2JjN2M0YzAiOnsiY3JlYXRlIjo2MDAwMDAwMDAwMDAsImRlbGV0ZSI6MTIwMDAwMDAwMDAwMH0sInNjaGVtYV92ZXJzaW9uIjoiMSJ9",
          "dependencies": [
            "aws_vpc.iti_vpc"
          ]
        }
      ]
    },
    {
      "mode": "managed",
      "type": "aws_subnet",
      "name": "public_subnet_2",
      "provider": "provider[\"registry.terraform.io/hashicorp/aws\"]",
      "instances": [
        {
          "schema_version": 1,
          "attributes": {
            "arn": "arn:aws:ec2:us-east-1:672370439266:subnet/subnet-0f48113d16305f231",
            "assign_ipv6_address_on_creation": false,
            "availability_zone": "us-east-1b",
            "availability_zone_id": "use1-az6",
            "cidr_block": "10.0.3.0/24",
            "customer_owned_ipv4_pool": "",
            "enable_dns64": false,
            "enable_resource_name_dns_a_record_on_launch": false,
            "enable_resource_name_dns_aaaa_record_on_launch": false,
            "id": "subnet-0f48113d16305f231",
            "ipv6_cidr_block": "",
            "ipv6_cidr_block_association_id": "",
            "ipv6_native": false,
            "map_customer_owned_ip_on_launch": false,
            "map_public_ip_on_launch": true,
            "outpost_arn": "",
            "owner_id": "672370439266",
            "private_dns_hostname_type_on_launch": "ip-name",
            "tags": {
              "Name": "public_subnet_2"
            },
            "tags_all": {
              "Name": "public_subnet_2"
            },
            "timeouts": null,
            "vpc_id": "vpc-026c06aa332b91a19"
          },
          "sensitive_attributes": [],
          "private": "eyJlMmJmYjczMC1lY2FhLTExZTYtOGY4OC0zNDM2M2JjN2M0YzAiOnsiY3JlYXRlIjo2MDAwMDAwMDAwMDAsImRlbGV0ZSI6MTIwMDAwMDAwMDAwMH0sInNjaGVtYV92ZXJzaW9uIjoiMSJ9",
          "dependencies": [
            "aws_vpc.iti_vpc"
          ]
        }
      ]
    },
    {
      "mode": "managed",
      "type": "aws_vpc",
      "name": "iti_vpc",
      "provider": "provider[\"registry.terraform.io/hashicorp/aws\"]",
      "instances": [
        {
          "schema_version": 1,
          "attributes": {
            "arn": "arn:aws:ec2:us-east-1:672370439266:vpc/vpc-026c06aa332b91a19",
            "assign_generated_ipv6_cidr_block": false,
            "cidr_block": "10.0.0.0/16",
            "default_network_acl_id": "acl-017e6b9d4b480149f",
            "default_route_table_id": "rtb-0463e854dc90b2cc1",
            "default_security_group_id": "sg-04b3c534b6e918ba1",
            "dhcp_options_id": "dopt-0857d65367e0afef6",
            "enable_classiclink": false,
            "enable_classiclink_dns_support": false,
            "enable_dns_hostnames": false,
            "enable_dns_support": true,
            "enable_network_address_usage_metrics": false,
            "id": "vpc-026c06aa332b91a19",
            "instance_tenancy": "default",
            "ipv4_ipam_pool_id": null,
            "ipv4_netmask_length": null,
            "ipv6_association_id": "",
            "ipv6_cidr_block": "",
            "ipv6_cidr_block_network_border_group": "",
            "ipv6_ipam_pool_id": "",
            "ipv6_netmask_length": 0,
            "main_route_table_id": "rtb-0463e854dc90b2cc1",
            "owner_id": "672370439266",
            "tags": {
              "Name": "ITI"
            },
            "tags_all": {
              "Name": "ITI"
            }
          },
          "sensitive_attributes": [],
          "private": "eyJzY2hlbWFfdmVyc2lvbiI6IjEifQ=="
        }
      ]
    },
    {
      "mode": "managed",
      "type": "local_file",
      "name": "tf-key",
      "provider": "provider[\"registry.terraform.io/hashicorp/local\"]",
      "instances": [
        {
          "schema_version": 0,
          "attributes": {
            "content": "-----BEGIN RSA PRIVATE KEY-----\nMIIJKQIBAAKCAgEAsR5fDYFPKRJWYHhrhhLhBPC3iMB89+pZy3HurReU8Y7KTgjw\nHO/lCz1miasYhxQDGVISTl6uw7C9Hsl1UAgsJ4Fayi7Uks9GrqhqZDaS5l+AcAvQ\nJV7jcYlh6E0QpIWlRmK+tJtUs5zGoFyckHrN9CdyvbbJKlzLnJQlwAms0o82vEwz\nwedGQFC9LdKGzDiMOoL2p/9EnwssVK0VWZfm9w1k/cdvTnQcboO1P20fpbWtU7AA\nZ80dtUkTSFz/5X1GAovhxL+u6fa+faeHMHhCW667lUV1u/qN50v/5oI3LhDzSFMW\nGneKiEM/eFPAPBOGa3Y7dFFPF+EFgn2TNhf7iYf8zcJYAHdNFf5VpJg9glHZ2AxV\nucbQYIvpoVlcTH9T3atOlGXg0/hcwt8Fwk8FWpxi298LxrCMMuAmgelTu0GIqYvI\nAUFQVhDWPkeI5yMky1IvHESW8WUay3/8lnhydtCh1OX+PDC+piU5p6xUNLZ/iAdI\nAAaJDsURuWB6NVsJ2mPfQhDYjcceIa8gjETjkHdZL7JycI4ba6Ef2ekSie+bmEdB\n1vuv2/fG0os2vPomfWXEvEEbNa+ozsZcLc9xpmwJIY8N92KBpDVVHD9Lg1tMpfMi\nr0hUY6X/X8L63ZcsoO2Lx2O+l96R0lyDhx6qTZo9kKsyMbqGIADxsdI0UCcCAwEA\nAQKCAgBM5Xe1IE/i8AAqT/22rtmc0HmOWKuo4sjrZ+KMqbFTkn/Ik17T4V8amyS6\nXlr+wjR6OMST282aTlA9Xo+dGH87A5EMOHq35l+0ko/mRD9Q32OewbIzl1e9wjyM\no3C3TQKtZU+Qj+OdO1KM6shafcaO2tWZAhOiXblUmIkvL8QlgmHsLFVIOQWqBKOt\nkjpNzbsr6BH4a/454przhFXBmQ6AcgNHnt93OzfgzzPQfqr/wbmnnMEAT/A29av2\nfdHnq5TKpDp3thTVpPedDC/IXl3I+jqcmxR7cVNMeRV32U7lpBxLaS8ufHnboP6c\nWhgavQtd+m3jmS1ym5JNzgEsugrNOMNiPr9l9AJqYSd163dVpA4P4DomyrRL0MzC\nb3gO/ZiSqfHI6Fo3JktibuyWuUNusskx4BzGzIbov6oJm2cIZPBEsSyzV5xik225\nTfmKoezt6F5er9x0lTUGSIqb8G5ZX0cc9tjOdeNZEIriCFqqhvUBbWXSTs3klFQs\nWzxvRaz4SxPDfihp6IOIw+RmsxkNdNGKzxUXldwH8gvZjlEsZK4pEn2eJYxyVTQt\nKPPKDGq20/zjuanGIfOzNTG2NctMsZEqgT/PUK3o9lmYhwv73GZlFVXlYgdVQXB2\nDpf1nM191smlfahE3hdcGgIc9/tUlrupfE47oD/FHKc1CCaTYQKCAQEAx7w7WTOl\njCmq4mFQlulW1E+WstlEiotjsw67rQ2Zg19TNAdrvheYcRBmGv+xQIiBCwHyQkfU\nVtAF/Vdcp82Y5iy/1S9Ub9Jm9LdMMHzUIDvHfmBgqXEwyIf0tU/+phXNOroG8uTl\nct4DOkzMaaDjU1eBxdfDEGXb3DKoRe2rMF0opycSt/yH8I2cj4fzb5QN+1ZdyAtz\nHyA1JlSONSwVsAJzzo5nW8d1WPxh44RXiStPsWd0m9W80d+9jmrVDOB2lwM26h1U\nMIwKNk6mGDwwwpXRtFmqHiSnk71FfiPLWsr8JwAKPmVMwE/bGvL/+Byd9XoonmQC\nRZoIxaNDb1bs0QKCAQEA4wMoBDtIbzTQzzoXrdKXA3eq4E90DJCmdpTZ4nLdOHmX\nLKjMfGQZMwHAEOoUR2mD2USVRyjHt/diUNR6fgsCENsAx0F+4mQsT6VLsBMT447/\nn3oPDcoqOZImnE/mCzjmZIPVWIJxRLsLzyIPsdQou2EHH+4mHucFgd9gJCjz/et8\nlvmuHFXj+2Lv7Sx67kV0ae96qcsrOJ+DnywJxy8Qms7LqY8btJQIyBoNyFuEtH++\nEZ1n+hWZcGOKVQE23Nf5ITjy1kvbIH5dF1cD8bOIeAigzRh6Ubke6upkfLH27Baw\nv5rFVKiixozNuKabhQW5DeBd5HIymfgyps/qAXtLdwKCAQBYL/vkPrFxWVRh76Wt\nfAkiZKGdBeEFatXyUSb8GW0WXBhYeI5RuAlOonbypMKWQ672NT3Jlf1i9yYt3UzD\nqjtAJbHtZqBZXwSmN+gj4HmoYbyLR/Jl3dw0LhMVmuRMYIPk0g4PYJEOTogOTapT\nWP4F5jUeLU2rB84zQwqZFX7oM7mnU9En+w/qXhwqI1SQh0ZFGrT9hlCmBYpyChNf\n1r8cn3iSUr3AACkHySdPVTdxEPZ21b7er1hXMfp3zyOSM+koc/rjE2AAr1Qy9jbP\nrIO65ntYrd42wOhcis0MDLHUvJrofVQIiKGCp7+N/oyV98ymffFBPdbi9Ee7O4Ki\nvjaBAoIBAQDep57dH6Q45o2TYwAMjgtt7DZeEa/aDxomHnLiJxURKjj7JYiCzM7m\nd2YBcQV40WXveNQNWlMg/fOhIfYOoA9jptnJlVS1CdloONDWnq+YNw5DRb10IgBu\nPQm/sKIKCcH3flKHoFEmP2siut635UYaGt2ZFMSw9JgzPHsYnE5Lk2e80KFTy25z\nhyOZ9VGRV/AJY0hlNw9qVxIK0W+5vFDF9eRNpz5eS/+c++jexdyQCObMch2kbQD0\n+byZCTrdOrtwOWH8i6Qd57K4jLEipJtKV/QXlVWLyE0pzcHHh+mOv+aV12CKW2hj\n44B3Bnps6yMJGDIfOV6mI4jSkgSLdXmbAoIBAQCj7ZMSV+L4eFMvfkat7aeu0XOx\na5cmM03UxA2mcOa+IFWA9JWpkifCAQu5cPjiinW66lJ/GXziAKCeBPbt/rivyxDN\n2HeIeH5WbnPJF5Wx1sUzUt7/LaqKTA4otfG1exFD5WEroMX+/z1WwVzXb9MoKI51\ny5HFCBJAp2vRMdq2K3tXGZXn02NDAFbTI/GuMHQ05T1XPulgAL3BaZfdxk0BKRen\nzDPA+4F2DgL4ZsVxhnkAdvSooPAC5n4hp5GFw1NCQt5eQrae3R4A3RvomMoFwWf+\nRUn4xM86SW/Qcyk2nB1/ARuiEl43GDDNF3ZSkqyHusK3v+SOBDB8SKTwP6es\n-----END RSA PRIVATE KEY-----\n",
            "content_base64": null,
            "content_base64sha256": "APZZlVz0JjW3Ev8MfR6m2Ftr6dmLAzZWbWkSivKc7iM=",
            "content_base64sha512": "Bw1l+nlZGpsgudJflWdCzNTvJ9zzPtFmk/mHAReH0RgWVgS/c+WW+DvNvH8zwQLcRXQssQLNshgNoF8Zciwo2w==",
            "content_md5": "7b08955bf427dacf77a779acdc974c4c",
            "content_sha1": "064e434859a1a15a6db2746bc693f64c69336890",
            "content_sha256": "00f659955cf42635b712ff0c7d1ea6d85b6be9d98b0336566d69128af29cee23",
            "content_sha512": "070d65fa79591a9b20b9d25f956742ccd4ef27dcf33ed16693f987011787d118165604bf73e596f83bcdbc7f33c102dc45742cb102cdb2180da05f19722c28db",
            "directory_permission": "0777",
            "file_permission": "0777",
            "filename": "tf-key-pair.pem",
            "id": "064e434859a1a15a6db2746bc693f64c69336890",
            "sensitive_content": null,
            "source": null
          },
          "sensitive_attributes": [
            [
              {
                "type": "get_attr",
                "value": "content"
              }
            ]
          ],
          "dependencies": [
            "tls_private_key.rsa-key"
          ]
        }
      ]
    },
    {
      "mode": "managed",
      "type": "tls_private_key",
      "name": "rsa-key",
      "provider": "provider[\"registry.terraform.io/hashicorp/tls\"]",
      "instances": [
        {
          "schema_version": 1,
          "attributes": {
            "algorithm": "RSA",
            "ecdsa_curve": "P224",
            "id": "04735ca0c6f30a7ea91fd522ab4655facea04541",
            "private_key_openssh": "-----BEGIN OPENSSH PRIVATE KEY-----\nb3BlbnNzaC1rZXktdjEAAAAABG5vbmUAAAAEbm9uZQAAAAAAAAABAAACFwAAAAdz\nc2gtcnNhAAAAAwEAAQAAAgEAsR5fDYFPKRJWYHhrhhLhBPC3iMB89+pZy3HurReU\n8Y7KTgjwHO/lCz1miasYhxQDGVISTl6uw7C9Hsl1UAgsJ4Fayi7Uks9GrqhqZDaS\n5l+AcAvQJV7jcYlh6E0QpIWlRmK+tJtUs5zGoFyckHrN9CdyvbbJKlzLnJQlwAms\n0o82vEwzwedGQFC9LdKGzDiMOoL2p/9EnwssVK0VWZfm9w1k/cdvTnQcboO1P20f\npbWtU7AAZ80dtUkTSFz/5X1GAovhxL+u6fa+faeHMHhCW667lUV1u/qN50v/5oI3\nLhDzSFMWGneKiEM/eFPAPBOGa3Y7dFFPF+EFgn2TNhf7iYf8zcJYAHdNFf5VpJg9\nglHZ2AxVucbQYIvpoVlcTH9T3atOlGXg0/hcwt8Fwk8FWpxi298LxrCMMuAmgelT\nu0GIqYvIAUFQVhDWPkeI5yMky1IvHESW8WUay3/8lnhydtCh1OX+PDC+piU5p6xU\nNLZ/iAdIAAaJDsURuWB6NVsJ2mPfQhDYjcceIa8gjETjkHdZL7JycI4ba6Ef2ekS\nie+bmEdB1vuv2/fG0os2vPomfWXEvEEbNa+ozsZcLc9xpmwJIY8N92KBpDVVHD9L\ng1tMpfMir0hUY6X/X8L63ZcsoO2Lx2O+l96R0lyDhx6qTZo9kKsyMbqGIADxsdI0\nUCcAAAc4J8lkUCfJZFAAAAAHc3NoLXJzYQAAAgEAsR5fDYFPKRJWYHhrhhLhBPC3\niMB89+pZy3HurReU8Y7KTgjwHO/lCz1miasYhxQDGVISTl6uw7C9Hsl1UAgsJ4Fa\nyi7Uks9GrqhqZDaS5l+AcAvQJV7jcYlh6E0QpIWlRmK+tJtUs5zGoFyckHrN9Cdy\nvbbJKlzLnJQlwAms0o82vEwzwedGQFC9LdKGzDiMOoL2p/9EnwssVK0VWZfm9w1k\n/cdvTnQcboO1P20fpbWtU7AAZ80dtUkTSFz/5X1GAovhxL+u6fa+faeHMHhCW667\nlUV1u/qN50v/5oI3LhDzSFMWGneKiEM/eFPAPBOGa3Y7dFFPF+EFgn2TNhf7iYf8\nzcJYAHdNFf5VpJg9glHZ2AxVucbQYIvpoVlcTH9T3atOlGXg0/hcwt8Fwk8FWpxi\n298LxrCMMuAmgelTu0GIqYvIAUFQVhDWPkeI5yMky1IvHESW8WUay3/8lnhydtCh\n1OX+PDC+piU5p6xUNLZ/iAdIAAaJDsURuWB6NVsJ2mPfQhDYjcceIa8gjETjkHdZ\nL7JycI4ba6Ef2ekSie+bmEdB1vuv2/fG0os2vPomfWXEvEEbNa+ozsZcLc9xpmwJ\nIY8N92KBpDVVHD9Lg1tMpfMir0hUY6X/X8L63ZcsoO2Lx2O+l96R0lyDhx6qTZo9\nkKsyMbqGIADxsdI0UCcAAAADAQABAAACAEzld7UgT+LwACpP/bau2ZzQeY5Yq6ji\nyOtn4oypsVOSf8iTXtPhXxqbJLpeWv7CNHo4xJPbzZpOUD1ej50YfzsDkQw4erfm\nX7SSj+ZEP1DfY57BsjOXV73CPIyjcLdNAq1lT5CP4507UozqyFp9xo7a1ZkCE6Jd\nuVSYiS8vxCWCYewsVUg5BaoEo62SOk3NuyvoEfhr/jnimvOEVcGZDoByA0ee33c7\nN+DPM9B+qv/BuaecwQBP8Db1q/Z90eerlMqkOne2FNWk950ML8heXcj6OpybFHtx\nU0x5FXfZTuWkHEtpLy58edug/pxaGBq9C136beOZLXKbkk3OASy6Cs04w2I+v2X0\nAmphJ3Xrd1WkDg/gOibKtEvQzMJveA79mJKp8cjoWjcmS2Ju7Ja5Q26yyTHgHMbM\nhui/qgmbZwhk8ESxLLNXnGKTbblN+Yqh7O3oXl6v3HSVNQZIipvwbllfRxz22M51\n41kQiuIIWqqG9QFtZdJOzeSUVCxbPG9FrPhLE8N+KGnog4jD5GazGQ100YrPFReV\n3AfyC9mOUSxkrikSfZ4ljHJVNC0o88oMarbT/OO5qcYh87M1MbY1y0yxkSqBP89Q\nrej2WZiHC/vcZmUVVeViB1VBcHYOl/WczX3WyaV9qETeF1waAhz3+1SWu6l8Tjug\nP8UcpzUIJpNhAAABAQCj7ZMSV+L4eFMvfkat7aeu0XOxa5cmM03UxA2mcOa+IFWA\n9JWpkifCAQu5cPjiinW66lJ/GXziAKCeBPbt/rivyxDN2HeIeH5WbnPJF5Wx1sUz\nUt7/LaqKTA4otfG1exFD5WEroMX+/z1WwVzXb9MoKI51y5HFCBJAp2vRMdq2K3tX\nGZXn02NDAFbTI/GuMHQ05T1XPulgAL3BaZfdxk0BKRenzDPA+4F2DgL4ZsVxhnkA\ndvSooPAC5n4hp5GFw1NCQt5eQrae3R4A3RvomMoFwWf+RUn4xM86SW/Qcyk2nB1/\nARuiEl43GDDNF3ZSkqyHusK3v+SOBDB8SKTwP6esAAABAQDHvDtZM6WMKariYVCW\n6VbUT5ay2USKi2OzDrutDZmDX1M0B2u+F5hxEGYa/7FAiIELAfJCR9RW0AX9V1yn\nzZjmLL/VL1Rv0mb0t0wwfNQgO8d+YGCpcTDIh/S1T/6mFc06ugby5OVy3gM6TMxp\noONTV4HF18MQZdvcMqhF7aswXSinJxK3/IfwjZyPh/NvlA37Vl3IC3MfIDUmVI41\nLBWwAnPOjmdbx3VY/GHjhFeJK0+xZ3Sb1bzR372OatUM4HaXAzbqHVQwjAo2TqYY\nPDDCldG0WaoeJKeTvUV+I8tayvwnAAo+ZUzAT9sa8v/4HJ31eiieZAJFmgjFo0Nv\nVuzRAAABAQDjAygEO0hvNNDPOhet0pcDd6rgT3QMkKZ2lNnict04eZcsqMx8ZBkz\nAcAQ6hRHaYPZRJVHKMe392JQ1Hp+CwIQ2wDHQX7iZCxPpUuwExPjjv+feg8Nyio5\nkiacT+YLOOZkg9VYgnFEuwvPIg+x1Ci7YQcf7iYe5wWB32AkKPP963yW+a4cVeP7\nYu/tLHruRXRp73qpyys4n4OfLAnHLxCazsupjxu0lAjIGg3IW4S0f74RnWf6FZlw\nY4pVATbc1/khOPLWS9sgfl0XVwPxs4h4CKDNGHpRuR7q6mR8sfbsFrC/msVUqKLG\njM24ppuFBbkN4F3kcjKZ+DKmz+oBe0t3AAAAAAEC\n-----END OPENSSH PRIVATE KEY-----\n",
            "private_key_pem": "-----BEGIN RSA PRIVATE KEY-----\nMIIJKQIBAAKCAgEAsR5fDYFPKRJWYHhrhhLhBPC3iMB89+pZy3HurReU8Y7KTgjw\nHO/lCz1miasYhxQDGVISTl6uw7C9Hsl1UAgsJ4Fayi7Uks9GrqhqZDaS5l+AcAvQ\nJV7jcYlh6E0QpIWlRmK+tJtUs5zGoFyckHrN9CdyvbbJKlzLnJQlwAms0o82vEwz\nwedGQFC9LdKGzDiMOoL2p/9EnwssVK0VWZfm9w1k/cdvTnQcboO1P20fpbWtU7AA\nZ80dtUkTSFz/5X1GAovhxL+u6fa+faeHMHhCW667lUV1u/qN50v/5oI3LhDzSFMW\nGneKiEM/eFPAPBOGa3Y7dFFPF+EFgn2TNhf7iYf8zcJYAHdNFf5VpJg9glHZ2AxV\nucbQYIvpoVlcTH9T3atOlGXg0/hcwt8Fwk8FWpxi298LxrCMMuAmgelTu0GIqYvI\nAUFQVhDWPkeI5yMky1IvHESW8WUay3/8lnhydtCh1OX+PDC+piU5p6xUNLZ/iAdI\nAAaJDsURuWB6NVsJ2mPfQhDYjcceIa8gjETjkHdZL7JycI4ba6Ef2ekSie+bmEdB\n1vuv2/fG0os2vPomfWXEvEEbNa+ozsZcLc9xpmwJIY8N92KBpDVVHD9Lg1tMpfMi\nr0hUY6X/X8L63ZcsoO2Lx2O+l96R0lyDhx6qTZo9kKsyMbqGIADxsdI0UCcCAwEA\nAQKCAgBM5Xe1IE/i8AAqT/22rtmc0HmOWKuo4sjrZ+KMqbFTkn/Ik17T4V8amyS6\nXlr+wjR6OMST282aTlA9Xo+dGH87A5EMOHq35l+0ko/mRD9Q32OewbIzl1e9wjyM\no3C3TQKtZU+Qj+OdO1KM6shafcaO2tWZAhOiXblUmIkvL8QlgmHsLFVIOQWqBKOt\nkjpNzbsr6BH4a/454przhFXBmQ6AcgNHnt93OzfgzzPQfqr/wbmnnMEAT/A29av2\nfdHnq5TKpDp3thTVpPedDC/IXl3I+jqcmxR7cVNMeRV32U7lpBxLaS8ufHnboP6c\nWhgavQtd+m3jmS1ym5JNzgEsugrNOMNiPr9l9AJqYSd163dVpA4P4DomyrRL0MzC\nb3gO/ZiSqfHI6Fo3JktibuyWuUNusskx4BzGzIbov6oJm2cIZPBEsSyzV5xik225\nTfmKoezt6F5er9x0lTUGSIqb8G5ZX0cc9tjOdeNZEIriCFqqhvUBbWXSTs3klFQs\nWzxvRaz4SxPDfihp6IOIw+RmsxkNdNGKzxUXldwH8gvZjlEsZK4pEn2eJYxyVTQt\nKPPKDGq20/zjuanGIfOzNTG2NctMsZEqgT/PUK3o9lmYhwv73GZlFVXlYgdVQXB2\nDpf1nM191smlfahE3hdcGgIc9/tUlrupfE47oD/FHKc1CCaTYQKCAQEAx7w7WTOl\njCmq4mFQlulW1E+WstlEiotjsw67rQ2Zg19TNAdrvheYcRBmGv+xQIiBCwHyQkfU\nVtAF/Vdcp82Y5iy/1S9Ub9Jm9LdMMHzUIDvHfmBgqXEwyIf0tU/+phXNOroG8uTl\nct4DOkzMaaDjU1eBxdfDEGXb3DKoRe2rMF0opycSt/yH8I2cj4fzb5QN+1ZdyAtz\nHyA1JlSONSwVsAJzzo5nW8d1WPxh44RXiStPsWd0m9W80d+9jmrVDOB2lwM26h1U\nMIwKNk6mGDwwwpXRtFmqHiSnk71FfiPLWsr8JwAKPmVMwE/bGvL/+Byd9XoonmQC\nRZoIxaNDb1bs0QKCAQEA4wMoBDtIbzTQzzoXrdKXA3eq4E90DJCmdpTZ4nLdOHmX\nLKjMfGQZMwHAEOoUR2mD2USVRyjHt/diUNR6fgsCENsAx0F+4mQsT6VLsBMT447/\nn3oPDcoqOZImnE/mCzjmZIPVWIJxRLsLzyIPsdQou2EHH+4mHucFgd9gJCjz/et8\nlvmuHFXj+2Lv7Sx67kV0ae96qcsrOJ+DnywJxy8Qms7LqY8btJQIyBoNyFuEtH++\nEZ1n+hWZcGOKVQE23Nf5ITjy1kvbIH5dF1cD8bOIeAigzRh6Ubke6upkfLH27Baw\nv5rFVKiixozNuKabhQW5DeBd5HIymfgyps/qAXtLdwKCAQBYL/vkPrFxWVRh76Wt\nfAkiZKGdBeEFatXyUSb8GW0WXBhYeI5RuAlOonbypMKWQ672NT3Jlf1i9yYt3UzD\nqjtAJbHtZqBZXwSmN+gj4HmoYbyLR/Jl3dw0LhMVmuRMYIPk0g4PYJEOTogOTapT\nWP4F5jUeLU2rB84zQwqZFX7oM7mnU9En+w/qXhwqI1SQh0ZFGrT9hlCmBYpyChNf\n1r8cn3iSUr3AACkHySdPVTdxEPZ21b7er1hXMfp3zyOSM+koc/rjE2AAr1Qy9jbP\nrIO65ntYrd42wOhcis0MDLHUvJrofVQIiKGCp7+N/oyV98ymffFBPdbi9Ee7O4Ki\nvjaBAoIBAQDep57dH6Q45o2TYwAMjgtt7DZeEa/aDxomHnLiJxURKjj7JYiCzM7m\nd2YBcQV40WXveNQNWlMg/fOhIfYOoA9jptnJlVS1CdloONDWnq+YNw5DRb10IgBu\nPQm/sKIKCcH3flKHoFEmP2siut635UYaGt2ZFMSw9JgzPHsYnE5Lk2e80KFTy25z\nhyOZ9VGRV/AJY0hlNw9qVxIK0W+5vFDF9eRNpz5eS/+c++jexdyQCObMch2kbQD0\n+byZCTrdOrtwOWH8i6Qd57K4jLEipJtKV/QXlVWLyE0pzcHHh+mOv+aV12CKW2hj\n44B3Bnps6yMJGDIfOV6mI4jSkgSLdXmbAoIBAQCj7ZMSV+L4eFMvfkat7aeu0XOx\na5cmM03UxA2mcOa+IFWA9JWpkifCAQu5cPjiinW66lJ/GXziAKCeBPbt/rivyxDN\n2HeIeH5WbnPJF5Wx1sUzUt7/LaqKTA4otfG1exFD5WEroMX+/z1WwVzXb9MoKI51\ny5HFCBJAp2vRMdq2K3tXGZXn02NDAFbTI/GuMHQ05T1XPulgAL3BaZfdxk0BKRen\nzDPA+4F2DgL4ZsVxhnkAdvSooPAC5n4hp5GFw1NCQt5eQrae3R4A3RvomMoFwWf+\nRUn4xM86SW/Qcyk2nB1/ARuiEl43GDDNF3ZSkqyHusK3v+SOBDB8SKTwP6es\n-----END RSA PRIVATE KEY-----\n",
            "private_key_pem_pkcs8": "-----BEGIN PRIVATE KEY-----\nMIIJQwIBADANBgkqhkiG9w0BAQEFAASCCS0wggkpAgEAAoICAQCxHl8NgU8pElZg\neGuGEuEE8LeIwHz36lnLce6tF5TxjspOCPAc7+ULPWaJqxiHFAMZUhJOXq7DsL0e\nyXVQCCwngVrKLtSSz0auqGpkNpLmX4BwC9AlXuNxiWHoTRCkhaVGYr60m1SznMag\nXJyQes30J3K9tskqXMuclCXACazSjza8TDPB50ZAUL0t0obMOIw6gvan/0SfCyxU\nrRVZl+b3DWT9x29OdBxug7U/bR+lta1TsABnzR21SRNIXP/lfUYCi+HEv67p9r59\np4cweEJbrruVRXW7+o3nS//mgjcuEPNIUxYad4qIQz94U8A8E4Zrdjt0UU8X4QWC\nfZM2F/uJh/zNwlgAd00V/lWkmD2CUdnYDFW5xtBgi+mhWVxMf1Pdq06UZeDT+FzC\n3wXCTwVanGLb3wvGsIwy4CaB6VO7QYipi8gBQVBWENY+R4jnIyTLUi8cRJbxZRrL\nf/yWeHJ20KHU5f48ML6mJTmnrFQ0tn+IB0gABokOxRG5YHo1WwnaY99CENiNxx4h\nryCMROOQd1kvsnJwjhtroR/Z6RKJ75uYR0HW+6/b98bSiza8+iZ9ZcS8QRs1r6jO\nxlwtz3GmbAkhjw33YoGkNVUcP0uDW0yl8yKvSFRjpf9fwvrdlyyg7YvHY76X3pHS\nXIOHHqpNmj2QqzIxuoYgAPGx0jRQJwIDAQABAoICAEzld7UgT+LwACpP/bau2ZzQ\neY5Yq6jiyOtn4oypsVOSf8iTXtPhXxqbJLpeWv7CNHo4xJPbzZpOUD1ej50YfzsD\nkQw4erfmX7SSj+ZEP1DfY57BsjOXV73CPIyjcLdNAq1lT5CP4507UozqyFp9xo7a\n1ZkCE6JduVSYiS8vxCWCYewsVUg5BaoEo62SOk3NuyvoEfhr/jnimvOEVcGZDoBy\nA0ee33c7N+DPM9B+qv/BuaecwQBP8Db1q/Z90eerlMqkOne2FNWk950ML8heXcj6\nOpybFHtxU0x5FXfZTuWkHEtpLy58edug/pxaGBq9C136beOZLXKbkk3OASy6Cs04\nw2I+v2X0AmphJ3Xrd1WkDg/gOibKtEvQzMJveA79mJKp8cjoWjcmS2Ju7Ja5Q26y\nyTHgHMbMhui/qgmbZwhk8ESxLLNXnGKTbblN+Yqh7O3oXl6v3HSVNQZIipvwbllf\nRxz22M5141kQiuIIWqqG9QFtZdJOzeSUVCxbPG9FrPhLE8N+KGnog4jD5GazGQ10\n0YrPFReV3AfyC9mOUSxkrikSfZ4ljHJVNC0o88oMarbT/OO5qcYh87M1MbY1y0yx\nkSqBP89Qrej2WZiHC/vcZmUVVeViB1VBcHYOl/WczX3WyaV9qETeF1waAhz3+1SW\nu6l8TjugP8UcpzUIJpNhAoIBAQDHvDtZM6WMKariYVCW6VbUT5ay2USKi2OzDrut\nDZmDX1M0B2u+F5hxEGYa/7FAiIELAfJCR9RW0AX9V1ynzZjmLL/VL1Rv0mb0t0ww\nfNQgO8d+YGCpcTDIh/S1T/6mFc06ugby5OVy3gM6TMxpoONTV4HF18MQZdvcMqhF\n7aswXSinJxK3/IfwjZyPh/NvlA37Vl3IC3MfIDUmVI41LBWwAnPOjmdbx3VY/GHj\nhFeJK0+xZ3Sb1bzR372OatUM4HaXAzbqHVQwjAo2TqYYPDDCldG0WaoeJKeTvUV+\nI8tayvwnAAo+ZUzAT9sa8v/4HJ31eiieZAJFmgjFo0NvVuzRAoIBAQDjAygEO0hv\nNNDPOhet0pcDd6rgT3QMkKZ2lNnict04eZcsqMx8ZBkzAcAQ6hRHaYPZRJVHKMe3\n92JQ1Hp+CwIQ2wDHQX7iZCxPpUuwExPjjv+feg8Nyio5kiacT+YLOOZkg9VYgnFE\nuwvPIg+x1Ci7YQcf7iYe5wWB32AkKPP963yW+a4cVeP7Yu/tLHruRXRp73qpyys4\nn4OfLAnHLxCazsupjxu0lAjIGg3IW4S0f74RnWf6FZlwY4pVATbc1/khOPLWS9sg\nfl0XVwPxs4h4CKDNGHpRuR7q6mR8sfbsFrC/msVUqKLGjM24ppuFBbkN4F3kcjKZ\n+DKmz+oBe0t3AoIBAFgv++Q+sXFZVGHvpa18CSJkoZ0F4QVq1fJRJvwZbRZcGFh4\njlG4CU6idvKkwpZDrvY1PcmV/WL3Ji3dTMOqO0Alse1moFlfBKY36CPgeahhvItH\n8mXd3DQuExWa5Exgg+TSDg9gkQ5OiA5NqlNY/gXmNR4tTasHzjNDCpkVfugzuadT\n0Sf7D+peHCojVJCHRkUatP2GUKYFinIKE1/WvxyfeJJSvcAAKQfJJ09VN3EQ9nbV\nvt6vWFcx+nfPI5Iz6Shz+uMTYACvVDL2Ns+sg7rme1it3jbA6FyKzQwMsdS8muh9\nVAiIoYKnv43+jJX3zKZ98UE91uL0R7s7gqK+NoECggEBAN6nnt0fpDjmjZNjAAyO\nC23sNl4Rr9oPGiYecuInFREqOPsliILMzuZ3ZgFxBXjRZe941A1aUyD986Eh9g6g\nD2Om2cmVVLUJ2Wg40Naer5g3DkNFvXQiAG49Cb+wogoJwfd+UoegUSY/ayK63rfl\nRhoa3ZkUxLD0mDM8exicTkuTZ7zQoVPLbnOHI5n1UZFX8AljSGU3D2pXEgrRb7m8\nUMX15E2nPl5L/5z76N7F3JAI5sxyHaRtAPT5vJkJOt06u3A5YfyLpB3nsriMsSKk\nm0pX9BeVVYvITSnNwceH6Y6/5pXXYIpbaGPjgHcGemzrIwkYMh85XqYjiNKSBIt1\neZsCggEBAKPtkxJX4vh4Uy9+Rq3tp67Rc7FrlyYzTdTEDaZw5r4gVYD0lamSJ8IB\nC7lw+OKKdbrqUn8ZfOIAoJ4E9u3+uK/LEM3Yd4h4flZuc8kXlbHWxTNS3v8tqopM\nDii18bV7EUPlYSugxf7/PVbBXNdv0ygojnXLkcUIEkCna9Ex2rYre1cZlefTY0MA\nVtMj8a4wdDTlPVc+6WAAvcFpl93GTQEpF6fMM8D7gXYOAvhmxXGGeQB29Kig8ALm\nfiGnkYXDU0JC3l5Ctp7dHgDdG+iYygXBZ/5FSfjEzzpJb9BzKTacHX8BG6ISXjcY\nMM0XdlKSrIe6wre/5I4EMHxIpPA/p6w=\n-----END PRIVATE KEY-----\n",
            "public_key_fingerprint_md5": "0f:e8:d6:2c:cd:9c:dd:3c:77:57:36:c9:6d:ed:72:73",
            "public_key_fingerprint_sha256": "SHA256:DAhxiGOSi3UgBaCRoBVXdesQ7XhXfNsZy2zzguFp3z8",
            "public_key_openssh": "ssh-rsa AAAAB3NzaC1yc2EAAAADAQABAAACAQCxHl8NgU8pElZgeGuGEuEE8LeIwHz36lnLce6tF5TxjspOCPAc7+ULPWaJqxiHFAMZUhJOXq7DsL0eyXVQCCwngVrKLtSSz0auqGpkNpLmX4BwC9AlXuNxiWHoTRCkhaVGYr60m1SznMagXJyQes30J3K9tskqXMuclCXACazSjza8TDPB50ZAUL0t0obMOIw6gvan/0SfCyxUrRVZl+b3DWT9x29OdBxug7U/bR+lta1TsABnzR21SRNIXP/lfUYCi+HEv67p9r59p4cweEJbrruVRXW7+o3nS//mgjcuEPNIUxYad4qIQz94U8A8E4Zrdjt0UU8X4QWCfZM2F/uJh/zNwlgAd00V/lWkmD2CUdnYDFW5xtBgi+mhWVxMf1Pdq06UZeDT+FzC3wXCTwVanGLb3wvGsIwy4CaB6VO7QYipi8gBQVBWENY+R4jnIyTLUi8cRJbxZRrLf/yWeHJ20KHU5f48ML6mJTmnrFQ0tn+IB0gABokOxRG5YHo1WwnaY99CENiNxx4hryCMROOQd1kvsnJwjhtroR/Z6RKJ75uYR0HW+6/b98bSiza8+iZ9ZcS8QRs1r6jOxlwtz3GmbAkhjw33YoGkNVUcP0uDW0yl8yKvSFRjpf9fwvrdlyyg7YvHY76X3pHSXIOHHqpNmj2QqzIxuoYgAPGx0jRQJw==\n",
            "public_key_pem": "-----BEGIN PUBLIC KEY-----\nMIICIjANBgkqhkiG9w0BAQEFAAOCAg8AMIICCgKCAgEAsR5fDYFPKRJWYHhrhhLh\nBPC3iMB89+pZy3HurReU8Y7KTgjwHO/lCz1miasYhxQDGVISTl6uw7C9Hsl1UAgs\nJ4Fayi7Uks9GrqhqZDaS5l+AcAvQJV7jcYlh6E0QpIWlRmK+tJtUs5zGoFyckHrN\n9CdyvbbJKlzLnJQlwAms0o82vEwzwedGQFC9LdKGzDiMOoL2p/9EnwssVK0VWZfm\n9w1k/cdvTnQcboO1P20fpbWtU7AAZ80dtUkTSFz/5X1GAovhxL+u6fa+faeHMHhC\nW667lUV1u/qN50v/5oI3LhDzSFMWGneKiEM/eFPAPBOGa3Y7dFFPF+EFgn2TNhf7\niYf8zcJYAHdNFf5VpJg9glHZ2AxVucbQYIvpoVlcTH9T3atOlGXg0/hcwt8Fwk8F\nWpxi298LxrCMMuAmgelTu0GIqYvIAUFQVhDWPkeI5yMky1IvHESW8WUay3/8lnhy\ndtCh1OX+PDC+piU5p6xUNLZ/iAdIAAaJDsURuWB6NVsJ2mPfQhDYjcceIa8gjETj\nkHdZL7JycI4ba6Ef2ekSie+bmEdB1vuv2/fG0os2vPomfWXEvEEbNa+ozsZcLc9x\npmwJIY8N92KBpDVVHD9Lg1tMpfMir0hUY6X/X8L63ZcsoO2Lx2O+l96R0lyDhx6q\nTZo9kKsyMbqGIADxsdI0UCcCAwEAAQ==\n-----END PUBLIC KEY-----\n",
            "rsa_bits": 4096
          },
          "sensitive_attributes": []
        }
      ]
    }
  ],
  "check_results": null
}
